
Microsoft Visual Studio Solution File, Format Version 12.00
# Visual Studio 14
VisualStudioVersion = 14.0.23107.0
MinimumVisualStudioVersion = 10.0.40219.1
Project("{FAE04EC0-301F-11D3-BF4B-00C04F79EFBC}") = "VisualCrypt.Desktop.Tests", "VisualCrypt.Desktop.Tests\VisualCrypt.Desktop.Tests.csproj", "{463CD309-F817-4881-BF28-3A7AE06B80CE}"
EndProject
Project("{FAE04EC0-301F-11D3-BF4B-00C04F79EFBC}") = "VisualCrypt.Cryptography.Net", "VisualCrypt.Cryptography.Net\VisualCrypt.Cryptography.Net.csproj", "{4C372F99-2C82-4B56-AF6C-EDF8751ACC86}"
EndProject
Project("{FAE04EC0-301F-11D3-BF4B-00C04F79EFBC}") = "VisualCrypt.Cryptography.Portable", "VisualCrypt.Cryptography.Portable\VisualCrypt.Cryptography.Portable.csproj", "{A0AEFEF6-E642-4247-85F6-F2F0B329D935}"
EndProject
Project("{FAE04EC0-301F-11D3-BF4B-00C04F79EFBC}") = "VisualCrypt.Desktop.Shared", "VisualCrypt.Desktop.Shared\VisualCrypt.Desktop.Shared.csproj", "{1A98F3E7-2163-46CE-9B6A-E204FFF4F3B8}"
EndProject
Project("{2150E333-8FDC-42A3-9474-1A3956D46DE8}") = "Modules", "Modules", "{76DE1741-22E1-4C86-A643-C039EAA01B57}"
EndProject
Project("{2150E333-8FDC-42A3-9474-1A3956D46DE8}") = "Cryptography", "Cryptography", "{8A323AD1-4804-46D2-BD29-6179290967D7}"
EndProject
Project("{2150E333-8FDC-42A3-9474-1A3956D46DE8}") = "Tests", "Tests", "{F3A88769-385A-43D0-BDB1-76565E0A66BE}"
EndProject
Project("{FAE04EC0-301F-11D3-BF4B-00C04F79EFBC}") = "VisualCrypt.Desktop", "VisualCrypt.Desktop\VisualCrypt.Desktop.csproj", "{165228E4-5FE9-4A20-B97B-60BE97299C6C}"
EndProject
Project("{FAE04EC0-301F-11D3-BF4B-00C04F79EFBC}") = "VisualCrypt.Desktop.ModuleEditor", "VisualCrypt.Desktop.ModuleEditor\VisualCrypt.Desktop.ModuleEditor.csproj", "{CC737D36-0357-417D-81A1-14077F4B5F1C}"
EndProject
Project("{FAE04EC0-301F-11D3-BF4B-00C04F79EFBC}") = "VisualCrypt.Desktop.ModuleEncryption", "VisualCrypt.Desktop.ModuleEncryption\VisualCrypt.Desktop.ModuleEncryption.csproj", "{6E63BEEA-4535-4428-AC54-01885F74C77E}"
EndProject
Project("{FAE04EC0-301F-11D3-BF4B-00C04F79EFBC}") = "VisualCrypt.Language", "VisualCrypt.Language\VisualCrypt.Language.csproj", "{CC794610-54C9-4F5F-AC82-005260FBB8DE}"
EndProject
Project("{930C7802-8A8C-48F9-8165-68863BCCD9DD}") = "VisualCrypt.Wix", "VisualCrypt.Wix\VisualCrypt.Wix.wixproj", "{32D756A4-7C65-4BF4-9C8D-8757B2E77CC9}"
EndProject
Project("{930C7802-8A8C-48F9-8165-68863BCCD9DD}") = "VisualCrypt.WixBundle", "VisualCrypt.WixBundle\VisualCrypt.WixBundle.wixproj", "{173FE128-007D-4094-8A8D-BA1BB9781A3A}"
EndProject
Project("{FAE04EC0-301F-11D3-BF4B-00C04F79EFBC}") = "VisualCrypt.Windows", "VisualCrypt.Windows\VisualCrypt.Windows.csproj", "{B68E4055-F330-43A2-91AF-B107670A4D37}"
EndProject
Global
	GlobalSection(SolutionConfigurationPlatforms) = preSolution
		Debug|Any CPU = Debug|Any CPU
		Debug|ARM = Debug|ARM
		Debug|Mixed Platforms = Debug|Mixed Platforms
		Debug|x64 = Debug|x64
		Debug|x86 = Debug|x86
		Release|Any CPU = Release|Any CPU
		Release|ARM = Release|ARM
		Release|Mixed Platforms = Release|Mixed Platforms
		Release|x64 = Release|x64
		Release|x86 = Release|x86
	EndGlobalSection
	GlobalSection(ProjectConfigurationPlatforms) = postSolution
		{463CD309-F817-4881-BF28-3A7AE06B80CE}.Debug|Any CPU.ActiveCfg = Debug|Any CPU
		{463CD309-F817-4881-BF28-3A7AE06B80CE}.Debug|Any CPU.Build.0 = Debug|Any CPU
		{463CD309-F817-4881-BF28-3A7AE06B80CE}.Debug|ARM.ActiveCfg = Debug|Any CPU
		{463CD309-F817-4881-BF28-3A7AE06B80CE}.Debug|Mixed Platforms.ActiveCfg = Debug|Any CPU
		{463CD309-F817-4881-BF28-3A7AE06B80CE}.Debug|Mixed Platforms.Build.0 = Debug|Any CPU
		{463CD309-F817-4881-BF28-3A7AE06B80CE}.Debug|x64.ActiveCfg = Debug|Any CPU
		{463CD309-F817-4881-BF28-3A7AE06B80CE}.Debug|x86.ActiveCfg = Debug|Any CPU
		{463CD309-F817-4881-BF28-3A7AE06B80CE}.Release|Any CPU.ActiveCfg = Release|Any CPU
		{463CD309-F817-4881-BF28-3A7AE06B80CE}.Release|Any CPU.Build.0 = Release|Any CPU
		{463CD309-F817-4881-BF28-3A7AE06B80CE}.Release|ARM.ActiveCfg = Release|Any CPU
		{463CD309-F817-4881-BF28-3A7AE06B80CE}.Release|Mixed Platforms.ActiveCfg = Release|Any CPU
		{463CD309-F817-4881-BF28-3A7AE06B80CE}.Release|Mixed Platforms.Build.0 = Release|Any CPU
		{463CD309-F817-4881-BF28-3A7AE06B80CE}.Release|x64.ActiveCfg = Release|Any CPU
		{463CD309-F817-4881-BF28-3A7AE06B80CE}.Release|x86.ActiveCfg = Release|Any CPU
		{4C372F99-2C82-4B56-AF6C-EDF8751ACC86}.Debug|Any CPU.ActiveCfg = Debug|Any CPU
		{4C372F99-2C82-4B56-AF6C-EDF8751ACC86}.Debug|Any CPU.Build.0 = Debug|Any CPU
		{4C372F99-2C82-4B56-AF6C-EDF8751ACC86}.Debug|ARM.ActiveCfg = Debug|Any CPU
		{4C372F99-2C82-4B56-AF6C-EDF8751ACC86}.Debug|Mixed Platforms.ActiveCfg = Debug|Any CPU
		{4C372F99-2C82-4B56-AF6C-EDF8751ACC86}.Debug|Mixed Platforms.Build.0 = Debug|Any CPU
		{4C372F99-2C82-4B56-AF6C-EDF8751ACC86}.Debug|x64.ActiveCfg = Debug|Any CPU
		{4C372F99-2C82-4B56-AF6C-EDF8751ACC86}.Debug|x86.ActiveCfg = Debug|Any CPU
		{4C372F99-2C82-4B56-AF6C-EDF8751ACC86}.Release|Any CPU.ActiveCfg = Release|Any CPU
		{4C372F99-2C82-4B56-AF6C-EDF8751ACC86}.Release|Any CPU.Build.0 = Release|Any CPU
		{4C372F99-2C82-4B56-AF6C-EDF8751ACC86}.Release|ARM.ActiveCfg = Release|Any CPU
		{4C372F99-2C82-4B56-AF6C-EDF8751ACC86}.Release|Mixed Platforms.ActiveCfg = Release|Any CPU
		{4C372F99-2C82-4B56-AF6C-EDF8751ACC86}.Release|Mixed Platforms.Build.0 = Release|Any CPU
		{4C372F99-2C82-4B56-AF6C-EDF8751ACC86}.Release|x64.ActiveCfg = Release|Any CPU
		{4C372F99-2C82-4B56-AF6C-EDF8751ACC86}.Release|x86.ActiveCfg = Release|Any CPU
		{A0AEFEF6-E642-4247-85F6-F2F0B329D935}.Debug|Any CPU.ActiveCfg = Debug|Any CPU
		{A0AEFEF6-E642-4247-85F6-F2F0B329D935}.Debug|Any CPU.Build.0 = Debug|Any CPU
		{A0AEFEF6-E642-4247-85F6-F2F0B329D935}.Debug|ARM.ActiveCfg = Debug|Any CPU
		{A0AEFEF6-E642-4247-85F6-F2F0B329D935}.Debug|Mixed Platforms.ActiveCfg = Debug|Any CPU
		{A0AEFEF6-E642-4247-85F6-F2F0B329D935}.Debug|Mixed Platforms.Build.0 = Debug|Any CPU
		{A0AEFEF6-E642-4247-85F6-F2F0B329D935}.Debug|x64.ActiveCfg = Debug|Any CPU
		{A0AEFEF6-E642-4247-85F6-F2F0B329D935}.Debug|x86.ActiveCfg = Debug|Any CPU
		{A0AEFEF6-E642-4247-85F6-F2F0B329D935}.Release|Any CPU.ActiveCfg = Release|Any CPU
		{A0AEFEF6-E642-4247-85F6-F2F0B329D935}.Release|Any CPU.Build.0 = Release|Any CPU
		{A0AEFEF6-E642-4247-85F6-F2F0B329D935}.Release|ARM.ActiveCfg = Release|Any CPU
		{A0AEFEF6-E642-4247-85F6-F2F0B329D935}.Release|Mixed Platforms.ActiveCfg = Release|Any CPU
		{A0AEFEF6-E642-4247-85F6-F2F0B329D935}.Release|Mixed Platforms.Build.0 = Release|Any CPU
		{A0AEFEF6-E642-4247-85F6-F2F0B329D935}.Release|x64.ActiveCfg = Release|Any CPU
		{A0AEFEF6-E642-4247-85F6-F2F0B329D935}.Release|x86.ActiveCfg = Release|Any CPU
		{1A98F3E7-2163-46CE-9B6A-E204FFF4F3B8}.Debug|Any CPU.ActiveCfg = Debug|Any CPU
		{1A98F3E7-2163-46CE-9B6A-E204FFF4F3B8}.Debug|Any CPU.Build.0 = Debug|Any CPU
		{1A98F3E7-2163-46CE-9B6A-E204FFF4F3B8}.Debug|ARM.ActiveCfg = Debug|Any CPU
		{1A98F3E7-2163-46CE-9B6A-E204FFF4F3B8}.Debug|Mixed Platforms.ActiveCfg = Debug|Any CPU
		{1A98F3E7-2163-46CE-9B6A-E204FFF4F3B8}.Debug|Mixed Platforms.Build.0 = Debug|Any CPU
		{1A98F3E7-2163-46CE-9B6A-E204FFF4F3B8}.Debug|x64.ActiveCfg = Debug|Any CPU
		{1A98F3E7-2163-46CE-9B6A-E204FFF4F3B8}.Debug|x86.ActiveCfg = Debug|Any CPU
		{1A98F3E7-2163-46CE-9B6A-E204FFF4F3B8}.Release|Any CPU.ActiveCfg = Release|Any CPU
		{1A98F3E7-2163-46CE-9B6A-E204FFF4F3B8}.Release|Any CPU.Build.0 = Release|Any CPU
		{1A98F3E7-2163-46CE-9B6A-E204FFF4F3B8}.Release|ARM.ActiveCfg = Release|Any CPU
		{1A98F3E7-2163-46CE-9B6A-E204FFF4F3B8}.Release|Mixed Platforms.ActiveCfg = Release|Any CPU
		{1A98F3E7-2163-46CE-9B6A-E204FFF4F3B8}.Release|Mixed Platforms.Build.0 = Release|Any CPU
		{1A98F3E7-2163-46CE-9B6A-E204FFF4F3B8}.Release|x64.ActiveCfg = Release|Any CPU
		{1A98F3E7-2163-46CE-9B6A-E204FFF4F3B8}.Release|x86.ActiveCfg = Release|Any CPU
		{165228E4-5FE9-4A20-B97B-60BE97299C6C}.Debug|Any CPU.ActiveCfg = Debug|Any CPU
		{165228E4-5FE9-4A20-B97B-60BE97299C6C}.Debug|Any CPU.Build.0 = Debug|Any CPU
		{165228E4-5FE9-4A20-B97B-60BE97299C6C}.Debug|ARM.ActiveCfg = Debug|Any CPU
		{165228E4-5FE9-4A20-B97B-60BE97299C6C}.Debug|Mixed Platforms.ActiveCfg = Debug|x86
		{165228E4-5FE9-4A20-B97B-60BE97299C6C}.Debug|Mixed Platforms.Build.0 = Debug|x86
		{165228E4-5FE9-4A20-B97B-60BE97299C6C}.Debug|x64.ActiveCfg = Debug|Any CPU
		{165228E4-5FE9-4A20-B97B-60BE97299C6C}.Debug|x86.ActiveCfg = Debug|x86
		{165228E4-5FE9-4A20-B97B-60BE97299C6C}.Debug|x86.Build.0 = Debug|x86
		{165228E4-5FE9-4A20-B97B-60BE97299C6C}.Release|Any CPU.ActiveCfg = Release|Any CPU
		{165228E4-5FE9-4A20-B97B-60BE97299C6C}.Release|Any CPU.Build.0 = Release|Any CPU
		{165228E4-5FE9-4A20-B97B-60BE97299C6C}.Release|ARM.ActiveCfg = Release|Any CPU
		{165228E4-5FE9-4A20-B97B-60BE97299C6C}.Release|Mixed Platforms.ActiveCfg = Release|x86
		{165228E4-5FE9-4A20-B97B-60BE97299C6C}.Release|Mixed Platforms.Build.0 = Release|x86
		{165228E4-5FE9-4A20-B97B-60BE97299C6C}.Release|x64.ActiveCfg = Release|Any CPU
		{165228E4-5FE9-4A20-B97B-60BE97299C6C}.Release|x86.ActiveCfg = Release|x86
		{165228E4-5FE9-4A20-B97B-60BE97299C6C}.Release|x86.Build.0 = Release|x86
		{CC737D36-0357-417D-81A1-14077F4B5F1C}.Debug|Any CPU.ActiveCfg = Debug|Any CPU
		{CC737D36-0357-417D-81A1-14077F4B5F1C}.Debug|Any CPU.Build.0 = Debug|Any CPU
		{CC737D36-0357-417D-81A1-14077F4B5F1C}.Debug|ARM.ActiveCfg = Debug|Any CPU
		{CC737D36-0357-417D-81A1-14077F4B5F1C}.Debug|Mixed Platforms.ActiveCfg = Debug|Any CPU
		{CC737D36-0357-417D-81A1-14077F4B5F1C}.Debug|Mixed Platforms.Build.0 = Debug|Any CPU
		{CC737D36-0357-417D-81A1-14077F4B5F1C}.Debug|x64.ActiveCfg = Debug|Any CPU
		{CC737D36-0357-417D-81A1-14077F4B5F1C}.Debug|x86.ActiveCfg = Debug|Any CPU
		{CC737D36-0357-417D-81A1-14077F4B5F1C}.Release|Any CPU.ActiveCfg = Release|Any CPU
		{CC737D36-0357-417D-81A1-14077F4B5F1C}.Release|Any CPU.Build.0 = Release|Any CPU
		{CC737D36-0357-417D-81A1-14077F4B5F1C}.Release|ARM.ActiveCfg = Release|Any CPU
		{CC737D36-0357-417D-81A1-14077F4B5F1C}.Release|Mixed Platforms.ActiveCfg = Release|Any CPU
		{CC737D36-0357-417D-81A1-14077F4B5F1C}.Release|Mixed Platforms.Build.0 = Release|Any CPU
		{CC737D36-0357-417D-81A1-14077F4B5F1C}.Release|x64.ActiveCfg = Release|Any CPU
		{CC737D36-0357-417D-81A1-14077F4B5F1C}.Release|x86.ActiveCfg = Release|Any CPU
		{6E63BEEA-4535-4428-AC54-01885F74C77E}.Debug|Any CPU.ActiveCfg = Debug|Any CPU
		{6E63BEEA-4535-4428-AC54-01885F74C77E}.Debug|Any CPU.Build.0 = Debug|Any CPU
		{6E63BEEA-4535-4428-AC54-01885F74C77E}.Debug|ARM.ActiveCfg = Debug|Any CPU
		{6E63BEEA-4535-4428-AC54-01885F74C77E}.Debug|Mixed Platforms.ActiveCfg = Debug|Any CPU
		{6E63BEEA-4535-4428-AC54-01885F74C77E}.Debug|Mixed Platforms.Build.0 = Debug|Any CPU
		{6E63BEEA-4535-4428-AC54-01885F74C77E}.Debug|x64.ActiveCfg = Debug|Any CPU
		{6E63BEEA-4535-4428-AC54-01885F74C77E}.Debug|x86.ActiveCfg = Debug|Any CPU
		{6E63BEEA-4535-4428-AC54-01885F74C77E}.Release|Any CPU.ActiveCfg = Release|Any CPU
		{6E63BEEA-4535-4428-AC54-01885F74C77E}.Release|Any CPU.Build.0 = Release|Any CPU
		{6E63BEEA-4535-4428-AC54-01885F74C77E}.Release|ARM.ActiveCfg = Release|Any CPU
		{6E63BEEA-4535-4428-AC54-01885F74C77E}.Release|Mixed Platforms.ActiveCfg = Release|Any CPU
		{6E63BEEA-4535-4428-AC54-01885F74C77E}.Release|Mixed Platforms.Build.0 = Release|Any CPU
		{6E63BEEA-4535-4428-AC54-01885F74C77E}.Release|x64.ActiveCfg = Release|Any CPU
		{6E63BEEA-4535-4428-AC54-01885F74C77E}.Release|x86.ActiveCfg = Release|Any CPU
		{CC794610-54C9-4F5F-AC82-005260FBB8DE}.Debug|Any CPU.ActiveCfg = Debug|Any CPU
		{CC794610-54C9-4F5F-AC82-005260FBB8DE}.Debug|Any CPU.Build.0 = Debug|Any CPU
		{CC794610-54C9-4F5F-AC82-005260FBB8DE}.Debug|ARM.ActiveCfg = Debug|Any CPU
		{CC794610-54C9-4F5F-AC82-005260FBB8DE}.Debug|Mixed Platforms.ActiveCfg = Debug|Any CPU
		{CC794610-54C9-4F5F-AC82-005260FBB8DE}.Debug|Mixed Platforms.Build.0 = Debug|Any CPU
		{CC794610-54C9-4F5F-AC82-005260FBB8DE}.Debug|x64.ActiveCfg = Debug|Any CPU
		{CC794610-54C9-4F5F-AC82-005260FBB8DE}.Debug|x86.ActiveCfg = Debug|Any CPU
		{CC794610-54C9-4F5F-AC82-005260FBB8DE}.Release|Any CPU.ActiveCfg = Release|Any CPU
		{CC794610-54C9-4F5F-AC82-005260FBB8DE}.Release|Any CPU.Build.0 = Release|Any CPU
		{CC794610-54C9-4F5F-AC82-005260FBB8DE}.Release|ARM.ActiveCfg = Release|Any CPU
		{CC794610-54C9-4F5F-AC82-005260FBB8DE}.Release|Mixed Platforms.ActiveCfg = Release|Any CPU
		{CC794610-54C9-4F5F-AC82-005260FBB8DE}.Release|Mixed Platforms.Build.0 = Release|Any CPU
		{CC794610-54C9-4F5F-AC82-005260FBB8DE}.Release|x64.ActiveCfg = Release|Any CPU
		{CC794610-54C9-4F5F-AC82-005260FBB8DE}.Release|x86.ActiveCfg = Release|Any CPU
		{32D756A4-7C65-4BF4-9C8D-8757B2E77CC9}.Debug|Any CPU.ActiveCfg = Debug|x86
		{32D756A4-7C65-4BF4-9C8D-8757B2E77CC9}.Debug|ARM.ActiveCfg = Debug|x86
		{32D756A4-7C65-4BF4-9C8D-8757B2E77CC9}.Debug|Mixed Platforms.ActiveCfg = Debug|x86
		{32D756A4-7C65-4BF4-9C8D-8757B2E77CC9}.Debug|Mixed Platforms.Build.0 = Debug|x86
		{32D756A4-7C65-4BF4-9C8D-8757B2E77CC9}.Debug|x64.ActiveCfg = Debug|x86
		{32D756A4-7C65-4BF4-9C8D-8757B2E77CC9}.Debug|x86.ActiveCfg = Debug|x86
		{32D756A4-7C65-4BF4-9C8D-8757B2E77CC9}.Debug|x86.Build.0 = Debug|x86
		{32D756A4-7C65-4BF4-9C8D-8757B2E77CC9}.Release|Any CPU.ActiveCfg = Release|x86
		{32D756A4-7C65-4BF4-9C8D-8757B2E77CC9}.Release|ARM.ActiveCfg = Release|x86
		{32D756A4-7C65-4BF4-9C8D-8757B2E77CC9}.Release|Mixed Platforms.ActiveCfg = Release|x86
		{32D756A4-7C65-4BF4-9C8D-8757B2E77CC9}.Release|Mixed Platforms.Build.0 = Release|x86
		{32D756A4-7C65-4BF4-9C8D-8757B2E77CC9}.Release|x64.ActiveCfg = Release|x86
		{32D756A4-7C65-4BF4-9C8D-8757B2E77CC9}.Release|x86.ActiveCfg = Release|x86
		{32D756A4-7C65-4BF4-9C8D-8757B2E77CC9}.Release|x86.Build.0 = Release|x86
		{173FE128-007D-4094-8A8D-BA1BB9781A3A}.Debug|Any CPU.ActiveCfg = Debug|x86
		{173FE128-007D-4094-8A8D-BA1BB9781A3A}.Debug|ARM.ActiveCfg = Debug|x86
		{173FE128-007D-4094-8A8D-BA1BB9781A3A}.Debug|Mixed Platforms.ActiveCfg = Debug|x86
		{173FE128-007D-4094-8A8D-BA1BB9781A3A}.Debug|Mixed Platforms.Build.0 = Debug|x86
		{173FE128-007D-4094-8A8D-BA1BB9781A3A}.Debug|x64.ActiveCfg = Debug|x86
		{173FE128-007D-4094-8A8D-BA1BB9781A3A}.Debug|x86.ActiveCfg = Debug|x86
		{173FE128-007D-4094-8A8D-BA1BB9781A3A}.Debug|x86.Build.0 = Debug|x86
		{173FE128-007D-4094-8A8D-BA1BB9781A3A}.Release|Any CPU.ActiveCfg = Release|x86
		{173FE128-007D-4094-8A8D-BA1BB9781A3A}.Release|ARM.ActiveCfg = Release|x86
		{173FE128-007D-4094-8A8D-BA1BB9781A3A}.Release|Mixed Platforms.ActiveCfg = Release|x86
		{173FE128-007D-4094-8A8D-BA1BB9781A3A}.Release|Mixed Platforms.Build.0 = Release|x86
		{173FE128-007D-4094-8A8D-BA1BB9781A3A}.Release|x64.ActiveCfg = Release|x86
		{173FE128-007D-4094-8A8D-BA1BB9781A3A}.Release|x86.ActiveCfg = Release|x86
		{173FE128-007D-4094-8A8D-BA1BB9781A3A}.Release|x86.Build.0 = Release|x86
		{B68E4055-F330-43A2-91AF-B107670A4D37}.Debug|Any CPU.ActiveCfg = Debug|x86
		{B68E4055-F330-43A2-91AF-B107670A4D37}.Debug|ARM.ActiveCfg = Debug|ARM
		{B68E4055-F330-43A2-91AF-B107670A4D37}.Debug|ARM.Build.0 = Debug|ARM
		{B68E4055-F330-43A2-91AF-B107670A4D37}.Debug|ARM.Deploy.0 = Debug|ARM
		{B68E4055-F330-43A2-91AF-B107670A4D37}.Debug|Mixed Platforms.ActiveCfg = Debug|x86
		{B68E4055-F330-43A2-91AF-B107670A4D37}.Debug|Mixed Platforms.Build.0 = Debug|x86
		{B68E4055-F330-43A2-91AF-B107670A4D37}.Debug|Mixed Platforms.Deploy.0 = Debug|x86
		{B68E4055-F330-43A2-91AF-B107670A4D37}.Debug|x64.ActiveCfg = Debug|x64
		{B68E4055-F330-43A2-91AF-B107670A4D37}.Debug|x64.Build.0 = Debug|x64
		{B68E4055-F330-43A2-91AF-B107670A4D37}.Debug|x64.Deploy.0 = Debug|x64
		{B68E4055-F330-43A2-91AF-B107670A4D37}.Debug|x86.ActiveCfg = Debug|x86
		{B68E4055-F330-43A2-91AF-B107670A4D37}.Debug|x86.Build.0 = Debug|x86
		{B68E4055-F330-43A2-91AF-B107670A4D37}.Debug|x86.Deploy.0 = Debug|x86
		{B68E4055-F330-43A2-91AF-B107670A4D37}.Release|Any CPU.ActiveCfg = Release|x86
		{B68E4055-F330-43A2-91AF-B107670A4D37}.Release|ARM.ActiveCfg = Release|ARM
		{B68E4055-F330-43A2-91AF-B107670A4D37}.Release|ARM.Build.0 = Release|ARM
		{B68E4055-F330-43A2-91AF-B107670A4D37}.Release|ARM.Deploy.0 = Release|ARM
		{B68E4055-F330-43A2-91AF-B107670A4D37}.Release|Mixed Platforms.ActiveCfg = Release|x86
		{B68E4055-F330-43A2-91AF-B107670A4D37}.Release|Mixed Platforms.Build.0 = Release|x86
		{B68E4055-F330-43A2-91AF-B107670A4D37}.Release|Mixed Platforms.Deploy.0 = Release|x86
		{B68E4055-F330-43A2-91AF-B107670A4D37}.Release|x64.ActiveCfg = Release|x64
		{B68E4055-F330-43A2-91AF-B107670A4D37}.Release|x64.Build.0 = Release|x64
		{B68E4055-F330-43A2-91AF-B107670A4D37}.Release|x64.Deploy.0 = Release|x64
		{B68E4055-F330-43A2-91AF-B107670A4D37}.Release|x86.ActiveCfg = Release|x86
		{B68E4055-F330-43A2-91AF-B107670A4D37}.Release|x86.Build.0 = Release|x86
		{B68E4055-F330-43A2-91AF-B107670A4D37}.Release|x86.Deploy.0 = Release|x86
	EndGlobalSection
	GlobalSection(SolutionProperties) = preSolution
		HideSolutionNode = FALSE
	EndGlobalSection
	GlobalSection(NestedProjects) = preSolution
		{463CD309-F817-4881-BF28-3A7AE06B80CE} = {F3A88769-385A-43D0-BDB1-76565E0A66BE}
		{4C372F99-2C82-4B56-AF6C-EDF8751ACC86} = {8A323AD1-4804-46D2-BD29-6179290967D7}
		{A0AEFEF6-E642-4247-85F6-F2F0B329D935} = {8A323AD1-4804-46D2-BD29-6179290967D7}
		{CC737D36-0357-417D-81A1-14077F4B5F1C} = {76DE1741-22E1-4C86-A643-C039EAA01B57}
		{6E63BEEA-4535-4428-AC54-01885F74C77E} = {76DE1741-22E1-4C86-A643-C039EAA01B57}
	EndGlobalSection
EndGlobal
