
Microsoft Visual Studio Solution File, Format Version 12.00
# Visual Studio 14
VisualStudioVersion = 14.0.23107.0
MinimumVisualStudioVersion = 10.0.40219.1
Project("{FAE04EC0-301F-11D3-BF4B-00C04F79EFBC}") = "VisualCrypt.Cryptography.Net.Tests", "VisualCrypt.Cryptography.Net.Tests\VisualCrypt.Cryptography.Net.Tests.csproj", "{1127BA73-B1FC-4B4D-9ED2-20FF2ADEEF4A}"
EndProject
Project("{FAE04EC0-301F-11D3-BF4B-00C04F79EFBC}") = "VisualCrypt.Cryptography", "VisualCrypt.Cryptography\VisualCrypt.Cryptography.csproj", "{A0AEFEF6-E642-4247-85F6-F2F0B329D935}"
EndProject
Project("{FAE04EC0-301F-11D3-BF4B-00C04F79EFBC}") = "VisualCrypt.Cryptography.Net", "VisualCrypt.Cryptography.Net\VisualCrypt.Cryptography.Net.csproj", "{4C372F99-2C82-4B56-AF6C-EDF8751ACC86}"
EndProject
Global
	GlobalSection(SolutionConfigurationPlatforms) = preSolution
		Debug|Any CPU = Debug|Any CPU
		Release|Any CPU = Release|Any CPU
	EndGlobalSection
	GlobalSection(ProjectConfigurationPlatforms) = postSolution
		{1127BA73-B1FC-4B4D-9ED2-20FF2ADEEF4A}.Debug|Any CPU.ActiveCfg = Debug|Any CPU
		{1127BA73-B1FC-4B4D-9ED2-20FF2ADEEF4A}.Debug|Any CPU.Build.0 = Debug|Any CPU
		{1127BA73-B1FC-4B4D-9ED2-20FF2ADEEF4A}.Release|Any CPU.ActiveCfg = Release|Any CPU
		{1127BA73-B1FC-4B4D-9ED2-20FF2ADEEF4A}.Release|Any CPU.Build.0 = Release|Any CPU
		{A0AEFEF6-E642-4247-85F6-F2F0B329D935}.Debug|Any CPU.ActiveCfg = Debug|Any CPU
		{A0AEFEF6-E642-4247-85F6-F2F0B329D935}.Debug|Any CPU.Build.0 = Debug|Any CPU
		{A0AEFEF6-E642-4247-85F6-F2F0B329D935}.Release|Any CPU.ActiveCfg = Release|Any CPU
		{A0AEFEF6-E642-4247-85F6-F2F0B329D935}.Release|Any CPU.Build.0 = Release|Any CPU
		{4C372F99-2C82-4B56-AF6C-EDF8751ACC86}.Debug|Any CPU.ActiveCfg = Debug|Any CPU
		{4C372F99-2C82-4B56-AF6C-EDF8751ACC86}.Debug|Any CPU.Build.0 = Debug|Any CPU
		{4C372F99-2C82-4B56-AF6C-EDF8751ACC86}.Release|Any CPU.ActiveCfg = Release|Any CPU
		{4C372F99-2C82-4B56-AF6C-EDF8751ACC86}.Release|Any CPU.Build.0 = Release|Any CPU
	EndGlobalSection
	GlobalSection(SolutionProperties) = preSolution
		HideSolutionNode = FALSE
	EndGlobalSection
EndGlobal
